
Microsoft Visual Studio Solution File, Format Version 12.00
# Visual Studio Version 16
VisualStudioVersion = 16.0.31515.178
MinimumVisualStudioVersion = 10.0.40219.1
Project("{9A19103F-16F7-4668-BE54-9A1E7A4F7556}") = "TokaAPI", "TokaAPI.csproj", "{B9F3D9F9-48EB-478C-BE5C-AED1DF65244A}"
EndProject
Global
	GlobalSection(SolutionConfigurationPlatforms) = preSolution
		Debug|Any CPU = Debug|Any CPU
		Release|Any CPU = Release|Any CPU
	EndGlobalSection
	GlobalSection(ProjectConfigurationPlatforms) = postSolution
		{B9F3D9F9-48EB-478C-BE5C-AED1DF65244A}.Debug|Any CPU.ActiveCfg = Debug|Any CPU
		{B9F3D9F9-48EB-478C-BE5C-AED1DF65244A}.Debug|Any CPU.Build.0 = Debug|Any CPU
		{B9F3D9F9-48EB-478C-BE5C-AED1DF65244A}.Release|Any CPU.ActiveCfg = Release|Any CPU
		{B9F3D9F9-48EB-478C-BE5C-AED1DF65244A}.Release|Any CPU.Build.0 = Release|Any CPU
	EndGlobalSection
	GlobalSection(SolutionProperties) = preSolution
		HideSolutionNode = FALSE
	EndGlobalSection
	GlobalSection(ExtensibilityGlobals) = postSolution
		SolutionGuid = {A35AE591-E8AB-40C6-8503-9DE958276B0B}
	EndGlobalSection
EndGlobal
